
Microsoft Visual Studio Solution File, Format Version 12.00
# Visual Studio 15
VisualStudioVersion = 15.0.28307.102
MinimumVisualStudioVersion = 10.0.40219.1
Project("{FAE04EC0-301F-11D3-BF4B-00C04F79EFBC}") = "IoC Container", "IoC Container\IoC Container.csproj", "{8EC7DA11-14DE-4ED4-8B16-6353ECBF8140}"
EndProject
Project("{FAE04EC0-301F-11D3-BF4B-00C04F79EFBC}") = "CheckWork", "CheckWork\CheckWork.csproj", "{A395BD19-4A9D-4248-9020-37D4DB353395}"
EndProject
Global
	GlobalSection(SolutionConfigurationPlatforms) = preSolution
		Debug|Any CPU = Debug|Any CPU
		Release|Any CPU = Release|Any CPU
	EndGlobalSection
	GlobalSection(ProjectConfigurationPlatforms) = postSolution
		{8EC7DA11-14DE-4ED4-8B16-6353ECBF8140}.Debug|Any CPU.ActiveCfg = Debug|Any CPU
		{8EC7DA11-14DE-4ED4-8B16-6353ECBF8140}.Debug|Any CPU.Build.0 = Debug|Any CPU
		{8EC7DA11-14DE-4ED4-8B16-6353ECBF8140}.Release|Any CPU.ActiveCfg = Release|Any CPU
		{8EC7DA11-14DE-4ED4-8B16-6353ECBF8140}.Release|Any CPU.Build.0 = Release|Any CPU
		{A395BD19-4A9D-4248-9020-37D4DB353395}.Debug|Any CPU.ActiveCfg = Debug|Any CPU
		{A395BD19-4A9D-4248-9020-37D4DB353395}.Debug|Any CPU.Build.0 = Debug|Any CPU
		{A395BD19-4A9D-4248-9020-37D4DB353395}.Release|Any CPU.ActiveCfg = Release|Any CPU
		{A395BD19-4A9D-4248-9020-37D4DB353395}.Release|Any CPU.Build.0 = Release|Any CPU
	EndGlobalSection
	GlobalSection(SolutionProperties) = preSolution
		HideSolutionNode = FALSE
	EndGlobalSection
	GlobalSection(ExtensibilityGlobals) = postSolution
		SolutionGuid = {D3DCC0FF-51D9-463F-9A02-40E4FBF231F7}
	EndGlobalSection
EndGlobal
